
Microsoft Visual Studio Solution File, Format Version 12.00
# Visual Studio Version 16
VisualStudioVersion = 16.0.31129.286
MinimumVisualStudioVersion = 10.0.40219.1
Project("{FAE04EC0-301F-11D3-BF4B-00C04F79EFBC}") = "Inventario.ConsoleApp", "Inventario.ConsoleApp\Inventario.ConsoleApp.csproj", "{7CC64196-C5F5-489C-895C-ADECFE6A3E31}"
EndProject
Global
	GlobalSection(SolutionConfigurationPlatforms) = preSolution
		Debug|Any CPU = Debug|Any CPU
		Release|Any CPU = Release|Any CPU
	EndGlobalSection
	GlobalSection(ProjectConfigurationPlatforms) = postSolution
		{7CC64196-C5F5-489C-895C-ADECFE6A3E31}.Debug|Any CPU.ActiveCfg = Debug|Any CPU
		{7CC64196-C5F5-489C-895C-ADECFE6A3E31}.Debug|Any CPU.Build.0 = Debug|Any CPU
		{7CC64196-C5F5-489C-895C-ADECFE6A3E31}.Release|Any CPU.ActiveCfg = Release|Any CPU
		{7CC64196-C5F5-489C-895C-ADECFE6A3E31}.Release|Any CPU.Build.0 = Release|Any CPU
	EndGlobalSection
	GlobalSection(SolutionProperties) = preSolution
		HideSolutionNode = FALSE
	EndGlobalSection
	GlobalSection(ExtensibilityGlobals) = postSolution
		SolutionGuid = {94FB40F3-2869-479D-8522-EB97C65F52CD}
	EndGlobalSection
EndGlobal
